
Microsoft Visual Studio Solution File, Format Version 12.00
# Visual Studio Version 16
VisualStudioVersion = 16.0.28922.388
MinimumVisualStudioVersion = 10.0.40219.1
Project("{FAE04EC0-301F-11D3-BF4B-00C04F79EFBC}") = "TinyRenderer", "TinyRenderer\TinyRenderer.csproj", "{7C91FB53-F21C-4B90-885D-20E694A6B8FF}"
EndProject
Global
	GlobalSection(SolutionConfigurationPlatforms) = preSolution
		Debug|Any CPU = Debug|Any CPU
		Release|Any CPU = Release|Any CPU
	EndGlobalSection
	GlobalSection(ProjectConfigurationPlatforms) = postSolution
		{7C91FB53-F21C-4B90-885D-20E694A6B8FF}.Debug|Any CPU.ActiveCfg = Debug|Any CPU
		{7C91FB53-F21C-4B90-885D-20E694A6B8FF}.Debug|Any CPU.Build.0 = Debug|Any CPU
		{7C91FB53-F21C-4B90-885D-20E694A6B8FF}.Release|Any CPU.ActiveCfg = Release|Any CPU
		{7C91FB53-F21C-4B90-885D-20E694A6B8FF}.Release|Any CPU.Build.0 = Release|Any CPU
	EndGlobalSection
	GlobalSection(SolutionProperties) = preSolution
		HideSolutionNode = FALSE
	EndGlobalSection
	GlobalSection(ExtensibilityGlobals) = postSolution
		SolutionGuid = {A3A74A3E-34FB-4C26-BBEB-0AE2231D1860}
	EndGlobalSection
EndGlobal
